// !$*UTF8*$!
{
	archiveVersion = 1;
	classes = {
	};
	objectVersion = 46;
	objects = {

/* Begin PBXBuildFile section */
		FBE1A38F1AE6473C00CC7BB8 /* AppDelegate.swift in Sources */ = {isa = PBXBuildFile; fileRef = FBE1A38E1AE6473C00CC7BB8 /* AppDelegate.swift */; };
		FBE1A3911AE6473C00CC7BB8 /* ViewController.swift in Sources */ = {isa = PBXBuildFile; fileRef = FBE1A3901AE6473C00CC7BB8 /* ViewController.swift */; };
		FBE1A3941AE6473C00CC7BB8 /* Main.storyboard in Resources */ = {isa = PBXBuildFile; fileRef = FBE1A3921AE6473C00CC7BB8 /* Main.storyboard */; };
		FBE1A3961AE6473C00CC7BB8 /* Images.xcassets in Resources */ = {isa = PBXBuildFile; fileRef = FBE1A3951AE6473C00CC7BB8 /* Images.xcassets */; };
		FBE1A3991AE6473C00CC7BB8 /* LaunchScreen.xib in Resources */ = {isa = PBXBuildFile; fileRef = FBE1A3971AE6473C00CC7BB8 /* LaunchScreen.xib */; };
		FBE1A3A51AE6473C00CC7BB8 /* RealmTests.swift in Sources */ = {isa = PBXBuildFile; fileRef = FBE1A3A41AE6473C00CC7BB8 /* RealmTests.swift */; };
/* End PBXBuildFile section */

/* Begin PBXContainerItemProxy section */
		FBE1A39F1AE6473C00CC7BB8 /* PBXContainerItemProxy */ = {
			isa = PBXContainerItemProxy;
			containerPortal = FBE1A3811AE6473C00CC7BB8 /* Project object */;
			proxyType = 1;
			remoteGlobalIDString = FBE1A3881AE6473C00CC7BB8;
			remoteInfo = Realm;
		};
/* End PBXContainerItemProxy section */

/* Begin PBXFileReference section */
		FBE1A3891AE6473C00CC7BB8 /* Realm.app */ = {isa = PBXFileReference; explicitFileType = wrapper.application; includeInIndex = 0; path = Realm.app; sourceTree = BUILT_PRODUCTS_DIR; };
		FBE1A38D1AE6473C00CC7BB8 /* Info.plist */ = {isa = PBXFileReference; lastKnownFileType = text.plist.xml; path = Info.plist; sourceTree = "<group>"; };
		FBE1A38E1AE6473C00CC7BB8 /* AppDelegate.swift */ = {isa = PBXFileReference; lastKnownFileType = sourcecode.swift; path = AppDelegate.swift; sourceTree = "<group>"; };
		FBE1A3901AE6473C00CC7BB8 /* ViewController.swift */ = {isa = PBXFileReference; lastKnownFileType = sourcecode.swift; path = ViewController.swift; sourceTree = "<group>"; };
		FBE1A3931AE6473C00CC7BB8 /* Base */ = {isa = PBXFileReference; lastKnownFileType = file.storyboard; name = Base; path = Base.lproj/Main.storyboard; sourceTree = "<group>"; };
		FBE1A3951AE6473C00CC7BB8 /* Images.xcassets */ = {isa = PBXFileReference; lastKnownFileType = folder.assetcatalog; path = Images.xcassets; sourceTree = "<group>"; };
		FBE1A3981AE6473C00CC7BB8 /* Base */ = {isa = PBXFileReference; lastKnownFileType = file.xib; name = Base; path = Base.lproj/LaunchScreen.xib; sourceTree = "<group>"; };
		FBE1A39E1AE6473C00CC7BB8 /* RealmTests.xctest */ = {isa = PBXFileReference; explicitFileType = wrapper.cfbundle; includeInIndex = 0; path = RealmTests.xctest; sourceTree = BUILT_PRODUCTS_DIR; };
		FBE1A3A31AE6473C00CC7BB8 /* Info.plist */ = {isa = PBXFileReference; lastKnownFileType = text.plist.xml; path = Info.plist; sourceTree = "<group>"; };
		FBE1A3A41AE6473C00CC7BB8 /* RealmTests.swift */ = {isa = PBXFileReference; lastKnownFileType = sourcecode.swift; path = RealmTests.swift; sourceTree = "<group>"; };
/* End PBXFileReference section */

/* Begin PBXFrameworksBuildPhase section */
		FBE1A3861AE6473C00CC7BB8 /* Frameworks */ = {
			isa = PBXFrameworksBuildPhase;
			buildActionMask = 2147483647;
			files = (
			);
			runOnlyForDeploymentPostprocessing = 0;
		};
		FBE1A39B1AE6473C00CC7BB8 /* Frameworks */ = {
			isa = PBXFrameworksBuildPhase;
			buildActionMask = 2147483647;
			files = (
			);
			runOnlyForDeploymentPostprocessing = 0;
		};
/* End PBXFrameworksBuildPhase section */

/* Begin PBXGroup section */
		FBE1A3801AE6473C00CC7BB8 = {
			isa = PBXGroup;
			children = (
				FBE1A38B1AE6473C00CC7BB8 /* Realm */,
				FBE1A3A11AE6473C00CC7BB8 /* RealmTests */,
				FBE1A38A1AE6473C00CC7BB8 /* Products */,
			);
			sourceTree = "<group>";
		};
		FBE1A38A1AE6473C00CC7BB8 /* Products */ = {
			isa = PBXGroup;
			children = (
				FBE1A3891AE6473C00CC7BB8 /* Realm.app */,
				FBE1A39E1AE6473C00CC7BB8 /* RealmTests.xctest */,
			);
			name = Products;
			sourceTree = "<group>";
		};
		FBE1A38B1AE6473C00CC7BB8 /* Realm */ = {
			isa = PBXGroup;
			children = (
				FBE1A38E1AE6473C00CC7BB8 /* AppDelegate.swift */,
				FBE1A3901AE6473C00CC7BB8 /* ViewController.swift */,
				FBE1A3921AE6473C00CC7BB8 /* Main.storyboard */,
				FBE1A3951AE6473C00CC7BB8 /* Images.xcassets */,
				FBE1A3971AE6473C00CC7BB8 /* LaunchScreen.xib */,
				FBE1A38C1AE6473C00CC7BB8 /* Supporting Files */,
			);
			path = Realm;
			sourceTree = "<group>";
		};
		FBE1A38C1AE6473C00CC7BB8 /* Supporting Files */ = {
			isa = PBXGroup;
			children = (
				FBE1A38D1AE6473C00CC7BB8 /* Info.plist */,
			);
			name = "Supporting Files";
			sourceTree = "<group>";
		};
		FBE1A3A11AE6473C00CC7BB8 /* RealmTests */ = {
			isa = PBXGroup;
			children = (
				FBE1A3A41AE6473C00CC7BB8 /* RealmTests.swift */,
				FBE1A3A21AE6473C00CC7BB8 /* Supporting Files */,
			);
			path = RealmTests;
			sourceTree = "<group>";
		};
		FBE1A3A21AE6473C00CC7BB8 /* Supporting Files */ = {
			isa = PBXGroup;
			children = (
				FBE1A3A31AE6473C00CC7BB8 /* Info.plist */,
			);
			name = "Supporting Files";
			sourceTree = "<group>";
		};
/* End PBXGroup section */

/* Begin PBXNativeTarget section */
		FBE1A3881AE6473C00CC7BB8 /* Realm */ = {
			isa = PBXNativeTarget;
			buildConfigurationList = FBE1A3A81AE6473C00CC7BB8 /* Build configuration list for PBXNativeTarget "Realm" */;
			buildPhases = (
				FBE1A3851AE6473C00CC7BB8 /* Sources */,
				FBE1A3861AE6473C00CC7BB8 /* Frameworks */,
				FBE1A3871AE6473C00CC7BB8 /* Resources */,
			);
			buildRules = (
			);
			dependencies = (
			);
			name = Realm;
			productName = Realm;
			productReference = FBE1A3891AE6473C00CC7BB8 /* Realm.app */;
			productType = "com.apple.product-type.application";
		};
		FBE1A39D1AE6473C00CC7BB8 /* RealmTests */ = {
			isa = PBXNativeTarget;
			buildConfigurationList = FBE1A3AB1AE6473C00CC7BB8 /* Build configuration list for PBXNativeTarget "RealmTests" */;
			buildPhases = (
				FBE1A39A1AE6473C00CC7BB8 /* Sources */,
				FBE1A39B1AE6473C00CC7BB8 /* Frameworks */,
				FBE1A39C1AE6473C00CC7BB8 /* Resources */,
			);
			buildRules = (
			);
			dependencies = (
				FBE1A3A01AE6473C00CC7BB8 /* PBXTargetDependency */,
			);
			name = RealmTests;
			productName = RealmTests;
			productReference = FBE1A39E1AE6473C00CC7BB8 /* RealmTests.xctest */;
			productType = "com.apple.product-type.bundle.unit-test";
		};
/* End PBXNativeTarget section */

/* Begin PBXProject section */
		FBE1A3811AE6473C00CC7BB8 /* Project object */ = {
			isa = PBXProject;
			attributes = {
				LastUpgradeCheck = 0630;
				ORGANIZATIONNAME = "230 Interactive";
				TargetAttributes = {
					FBE1A3881AE6473C00CC7BB8 = {
						CreatedOnToolsVersion = 6.3;
					};
					FBE1A39D1AE6473C00CC7BB8 = {
						CreatedOnToolsVersion = 6.3;
						TestTargetID = FBE1A3881AE6473C00CC7BB8;
					};
				};
			};
			buildConfigurationList = FBE1A3841AE6473C00CC7BB8 /* Build configuration list for PBXProject "Realm" */;
			compatibilityVersion = "Xcode 3.2";
			developmentRegion = English;
			hasScannedForEncodings = 0;
			knownRegions = (
				en,
				Base,
			);
			mainGroup = FBE1A3801AE6473C00CC7BB8;
			productRefGroup = FBE1A38A1AE6473C00CC7BB8 /* Products */;
			projectDirPath = "";
			projectRoot = "";
			targets = (
				FBE1A3881AE6473C00CC7BB8 /* Realm */,
				FBE1A39D1AE6473C00CC7BB8 /* RealmTests */,
			);
		};
/* End PBXProject section */

/* Begin PBXResourcesBuildPhase section */
		FBE1A3871AE6473C00CC7BB8 /* Resources */ = {
			isa = PBXResourcesBuildPhase;
			buildActionMask = 2147483647;
			files = (
				FBE1A3941AE6473C00CC7BB8 /* Main.storyboard in Resources */,
				FBE1A3991AE6473C00CC7BB8 /* LaunchScreen.xib in Resources */,
				FBE1A3961AE6473C00CC7BB8 /* Images.xcassets in Resources */,
			);
			runOnlyForDeploymentPostprocessing = 0;
		};
		FBE1A39C1AE6473C00CC7BB8 /* Resources */ = {
			isa = PBXResourcesBuildPhase;
			buildActionMask = 2147483647;
			files = (
			);
			runOnlyForDeploymentPostprocessing = 0;
		};
/* End PBXResourcesBuildPhase section */

/* Begin PBXSourcesBuildPhase section */
		FBE1A3851AE6473C00CC7BB8 /* Sources */ = {
			isa = PBXSourcesBuildPhase;
			buildActionMask = 2147483647;
			files = (
				FBE1A3911AE6473C00CC7BB8 /* ViewController.swift in Sources */,
				FBE1A38F1AE6473C00CC7BB8 /* AppDelegate.swift in Sources */,
			);
			runOnlyForDeploymentPostprocessing = 0;
		};
		FBE1A39A1AE6473C00CC7BB8 /* Sources */ = {
			isa = PBXSourcesBuildPhase;
			buildActionMask = 2147483647;
			files = (
				FBE1A3A51AE6473C00CC7BB8 /* RealmTests.swift in Sources */,
			);
			runOnlyForDeploymentPostprocessing = 0;
		};
/* End PBXSourcesBuildPhase section */

/* Begin PBXTargetDependency section */
		FBE1A3A01AE6473C00CC7BB8 /* PBXTargetDependency */ = {
			isa = PBXTargetDependency;
			target = FBE1A3881AE6473C00CC7BB8 /* Realm */;
			targetProxy = FBE1A39F1AE6473C00CC7BB8 /* PBXContainerItemProxy */;
		};
/* End PBXTargetDependency section */

/* Begin PBXVariantGroup section */
		FBE1A3921AE6473C00CC7BB8 /* Main.storyboard */ = {
			isa = PBXVariantGroup;
			children = (
				FBE1A3931AE6473C00CC7BB8 /* Base */,
			);
			name = Main.storyboard;
			sourceTree = "<group>";
		};
		FBE1A3971AE6473C00CC7BB8 /* LaunchScreen.xib */ = {
			isa = PBXVariantGroup;
			children = (
				FBE1A3981AE6473C00CC7BB8 /* Base */,
			);
			name = LaunchScreen.xib;
			sourceTree = "<group>";
		};
/* End PBXVariantGroup section */

/* Begin XCBuildConfiguration section */
		FBE1A3A61AE6473C00CC7BB8 /* Debug */ = {
			isa = XCBuildConfiguration;
			buildSettings = {
				ALWAYS_SEARCH_USER_PATHS = NO;
				CLANG_CXX_LANGUAGE_STANDARD = "gnu++0x";
				CLANG_CXX_LIBRARY = "libc++";
				CLANG_ENABLE_MODULES = YES;
				CLANG_ENABLE_OBJC_ARC = YES;
				CLANG_WARN_BOOL_CONVERSION = YES;
				CLANG_WARN_CONSTANT_CONVERSION = YES;
				CLANG_WARN_DIRECT_OBJC_ISA_USAGE = YES_ERROR;
				CLANG_WARN_EMPTY_BODY = YES;
				CLANG_WARN_ENUM_CONVERSION = YES;
				CLANG_WARN_INT_CONVERSION = YES;
				CLANG_WARN_OBJC_ROOT_CLASS = YES_ERROR;
				CLANG_WARN_UNREACHABLE_CODE = YES;
				CLANG_WARN__DUPLICATE_METHOD_MATCH = YES;
				"CODE_SIGN_IDENTITY[sdk=iphoneos*]" = "iPhone Developer";
				COPY_PHASE_STRIP = NO;
				DEBUG_INFORMATION_FORMAT = "dwarf-with-dsym";
				ENABLE_STRICT_OBJC_MSGSEND = YES;
				GCC_C_LANGUAGE_STANDARD = gnu99;
				GCC_DYNAMIC_NO_PIC = NO;
				GCC_NO_COMMON_BLOCKS = YES;
				GCC_OPTIMIZATION_LEVEL = 0;
				GCC_PREPROCESSOR_DEFINITIONS = (
					"DEBUG=1",
					"$(inherited)",
				);
				GCC_SYMBOLS_PRIVATE_EXTERN = NO;
				GCC_WARN_64_TO_32_BIT_CONVERSION = YES;
				GCC_WARN_ABOUT_RETURN_TYPE = YES_ERROR;
				GCC_WARN_UNDECLARED_SELECTOR = YES;
				GCC_WARN_UNINITIALIZED_AUTOS = YES_AGGRESSIVE;
				GCC_WARN_UNUSED_FUNCTION = YES;
				GCC_WARN_UNUSED_VARIABLE = YES;
				IPHONEOS_DEPLOYMENT_TARGET = 8.3;
				MTL_ENABLE_DEBUG_INFO = YES;
				ONLY_ACTIVE_ARCH = YES;
				SDKROOT = iphoneos;
				SWIFT_OPTIMIZATION_LEVEL = "-Onone";
			};
			name = Debug;
		};
		FBE1A3A71AE6473C00CC7BB8 /* Release */ = {
			isa = XCBuildConfiguration;
			buildSettings = {
				ALWAYS_SEARCH_USER_PATHS = NO;
				CLANG_CXX_LANGUAGE_STANDARD = "gnu++0x";
				CLANG_CXX_LIBRARY = "libc++";
				CLANG_ENABLE_MODULES = YES;
				CLANG_ENABLE_OBJC_ARC = YES;
				CLANG_WARN_BOOL_CONVERSION = YES;
				CLANG_WARN_CONSTANT_CONVERSION = YES;
				CLANG_WARN_DIRECT_OBJC_ISA_USAGE = YES_ERROR;
				CLANG_WARN_EMPTY_BODY = YES;
				CLANG_WARN_ENUM_CONVERSION = YES;
				CLANG_WARN_INT_CONVERSION = YES;
				CLANG_WARN_OBJC_ROOT_CLASS = YES_ERROR;
				CLANG_WARN_UNREACHABLE_CODE = YES;
				CLANG_WARN__DUPLICATE_METHOD_MATCH = YES;
				"CODE_SIGN_IDENTITY[sdk=iphoneos*]" = "iPhone Developer";
				COPY_PHASE_STRIP = NO;
				DEBUG_INFORMATION_FORMAT = "dwarf-with-dsym";
				ENABLE_NS_ASSERTIONS = NO;
				ENABLE_STRICT_OBJC_MSGSEND = YES;
				GCC_C_LANGUAGE_STANDARD = gnu99;
				GCC_NO_COMMON_BLOCKS = YES;
				GCC_WARN_64_TO_32_BIT_CONVERSION = YES;
				GCC_WARN_ABOUT_RETURN_TYPE = YES_ERROR;
				GCC_WARN_UNDECLARED_SELECTOR = YES;
				GCC_WARN_UNINITIALIZED_AUTOS = YES_AGGRESSIVE;
				GCC_WARN_UNUSED_FUNCTION = YES;
				GCC_WARN_UNUSED_VARIABLE = YES;
				IPHONEOS_DEPLOYMENT_TARGET = 8.3;
				MTL_ENABLE_DEBUG_INFO = NO;
				SDKROOT = iphoneos;
				VALIDATE_PRODUCT = YES;
			};
			name = Release;
		};
		FBE1A3A91AE6473C00CC7BB8 /* Debug */ = {
			isa = XCBuildConfiguration;
			buildSettings = {
				ASSETCATALOG_COMPILER_APPICON_NAME = AppIcon;
				INFOPLIST_FILE = Realm/Info.plist;
				LD_RUNPATH_SEARCH_PATHS = "$(inherited) @executable_path/Frameworks";
				PRODUCT_NAME = "$(TARGET_NAME)";
			};
			name = Debug;
		};
		FBE1A3AA1AE6473C00CC7BB8 /* Release */ = {
			isa = XCBuildConfiguration;
			buildSettings = {
				ASSETCATALOG_COMPILER_APPICON_NAME = AppIcon;
				INFOPLIST_FILE = Realm/Info.plist;
				LD_RUNPATH_SEARCH_PATHS = "$(inherited) @executable_path/Frameworks";
				PRODUCT_NAME = "$(TARGET_NAME)";
			};
			name = Release;
		};
		FBE1A3AC1AE6473C00CC7BB8 /* Debug */ = {
			isa = XCBuildConfiguration;
			buildSettings = {
				BUNDLE_LOADER = "$(TEST_HOST)";
				FRAMEWORK_SEARCH_PATHS = (
					"$(SDKROOT)/Developer/Library/Frameworks",
					"$(inherited)",
				);
				GCC_PREPROCESSOR_DEFINITIONS = (
					"DEBUG=1",
					"$(inherited)",
				);
				INFOPLIST_FILE = RealmTests/Info.plist;
				LD_RUNPATH_SEARCH_PATHS = "$(inherited) @executable_path/Frameworks @loader_path/Frameworks";
				PRODUCT_NAME = "$(TARGET_NAME)";
				TEST_HOST = "$(BUILT_PRODUCTS_DIR)/Realm.app/Realm";
			};
			name = Debug;
		};
		FBE1A3AD1AE6473C00CC7BB8 /* Release */ = {
			isa = XCBuildConfiguration;
			buildSettings = {
				BUNDLE_LOADER = "$(TEST_HOST)";
				FRAMEWORK_SEARCH_PATHS = (
					"$(SDKROOT)/Developer/Library/Frameworks",
					"$(inherited)",
				);
				INFOPLIST_FILE = RealmTests/Info.plist;
				LD_RUNPATH_SEARCH_PATHS = "$(inherited) @executable_path/Frameworks @loader_path/Frameworks";
				PRODUCT_NAME = "$(TARGET_NAME)";
				TEST_HOST = "$(BUILT_PRODUCTS_DIR)/Realm.app/Realm";
			};
			name = Release;
		};
/* End XCBuildConfiguration section */

/* Begin XCConfigurationList section */
		FBE1A3841AE6473C00CC7BB8 /* Build configuration list for PBXProject "Realm" */ = {
			isa = XCConfigurationList;
			buildConfigurations = (
				FBE1A3A61AE6473C00CC7BB8 /* Debug */,
				FBE1A3A71AE6473C00CC7BB8 /* Release */,
			);
			defaultConfigurationIsVisible = 0;
			defaultConfigurationName = Release;
		};
		FBE1A3A81AE6473C00CC7BB8 /* Build configuration list for PBXNativeTarget "Realm" */ = {
			isa = XCConfigurationList;
			buildConfigurations = (
				FBE1A3A91AE6473C00CC7BB8 /* Debug */,
				FBE1A3AA1AE6473C00CC7BB8 /* Release */,
			);
			defaultConfigurationIsVisible = 0;
		};
		FBE1A3AB1AE6473C00CC7BB8 /* Build configuration list for PBXNativeTarget "RealmTests" */ = {
			isa = XCConfigurationList;
			buildConfigurations = (
				FBE1A3AC1AE6473C00CC7BB8 /* Debug */,
				FBE1A3AD1AE6473C00CC7BB8 /* Release */,
			);
			defaultConfigurationIsVisible = 0;
		};
/* End XCConfigurationList section */
	};
	rootObject = FBE1A3811AE6473C00CC7BB8 /* Project object */;
}
